
Microsoft Visual Studio Solution File, Format Version 12.00
Project("{FAE04EC0-301F-11D3-BF4B-00C04F79EFBC}") = "productionCalculatorLib", "productionCalculatorLib\productionCalculatorLib.csproj", "{CF57A0A4-3539-482A-8CA0-828BC7B017A7}"
EndProject
Global
	GlobalSection(SolutionConfigurationPlatforms) = preSolution
		Debug|Any CPU = Debug|Any CPU
		Release|Any CPU = Release|Any CPU
	EndGlobalSection
	GlobalSection(ProjectConfigurationPlatforms) = postSolution
		{CF57A0A4-3539-482A-8CA0-828BC7B017A7}.Debug|Any CPU.ActiveCfg = Debug|Any CPU
		{CF57A0A4-3539-482A-8CA0-828BC7B017A7}.Debug|Any CPU.Build.0 = Debug|Any CPU
		{CF57A0A4-3539-482A-8CA0-828BC7B017A7}.Release|Any CPU.ActiveCfg = Release|Any CPU
		{CF57A0A4-3539-482A-8CA0-828BC7B017A7}.Release|Any CPU.Build.0 = Release|Any CPU
	EndGlobalSection
EndGlobal
